
Microsoft Visual Studio Solution File, Format Version 12.00
# Visual Studio 15
VisualStudioVersion = 15.0.28307.572
MinimumVisualStudioVersion = 10.0.40219.1
Project("{9A19103F-16F7-4668-BE54-9A1E7A4F7556}") = "ArmstrongNumbers", "ArmstrongNumbers.csproj", "{60142AF7-B7BA-4490-9B6E-652633E864B8}"
EndProject
Global
	GlobalSection(SolutionConfigurationPlatforms) = preSolution
		Debug|Any CPU = Debug|Any CPU
		Release|Any CPU = Release|Any CPU
	EndGlobalSection
	GlobalSection(ProjectConfigurationPlatforms) = postSolution
		{60142AF7-B7BA-4490-9B6E-652633E864B8}.Debug|Any CPU.ActiveCfg = Debug|Any CPU
		{60142AF7-B7BA-4490-9B6E-652633E864B8}.Debug|Any CPU.Build.0 = Debug|Any CPU
		{60142AF7-B7BA-4490-9B6E-652633E864B8}.Release|Any CPU.ActiveCfg = Release|Any CPU
		{60142AF7-B7BA-4490-9B6E-652633E864B8}.Release|Any CPU.Build.0 = Release|Any CPU
	EndGlobalSection
	GlobalSection(SolutionProperties) = preSolution
		HideSolutionNode = FALSE
	EndGlobalSection
	GlobalSection(ExtensibilityGlobals) = postSolution
		SolutionGuid = {5BD08E1F-52C2-4D28-B71C-94738F70BCE9}
	EndGlobalSection
EndGlobal
