
Microsoft Visual Studio Solution File, Format Version 12.00
# Visual Studio 15
VisualStudioVersion = 15.0.28307.539
MinimumVisualStudioVersion = 10.0.40219.1
Project("{9A19103F-16F7-4668-BE54-9A1E7A4F7556}") = "Clock", "Clock.csproj", "{7FDEEB44-D802-4636-B7ED-6348D5814F62}"
EndProject
Global
	GlobalSection(SolutionConfigurationPlatforms) = preSolution
		Debug|Any CPU = Debug|Any CPU
		Release|Any CPU = Release|Any CPU
	EndGlobalSection
	GlobalSection(ProjectConfigurationPlatforms) = postSolution
		{7FDEEB44-D802-4636-B7ED-6348D5814F62}.Debug|Any CPU.ActiveCfg = Debug|Any CPU
		{7FDEEB44-D802-4636-B7ED-6348D5814F62}.Debug|Any CPU.Build.0 = Debug|Any CPU
		{7FDEEB44-D802-4636-B7ED-6348D5814F62}.Release|Any CPU.ActiveCfg = Release|Any CPU
		{7FDEEB44-D802-4636-B7ED-6348D5814F62}.Release|Any CPU.Build.0 = Release|Any CPU
	EndGlobalSection
	GlobalSection(SolutionProperties) = preSolution
		HideSolutionNode = FALSE
	EndGlobalSection
	GlobalSection(ExtensibilityGlobals) = postSolution
		SolutionGuid = {7CEB6F59-4571-42E1-848E-D20D7C6A5672}
	EndGlobalSection
EndGlobal
