
Microsoft Visual Studio Solution File, Format Version 12.00
# Visual Studio 15
VisualStudioVersion = 15.0.28307.489
MinimumVisualStudioVersion = 10.0.40219.1
Project("{9A19103F-16F7-4668-BE54-9A1E7A4F7556}") = "GradeSchool", "GradeSchool.csproj", "{2671D7C1-A881-44F7-9462-F14AA084E18E}"
EndProject
Global
	GlobalSection(SolutionConfigurationPlatforms) = preSolution
		Debug|Any CPU = Debug|Any CPU
		Release|Any CPU = Release|Any CPU
	EndGlobalSection
	GlobalSection(ProjectConfigurationPlatforms) = postSolution
		{2671D7C1-A881-44F7-9462-F14AA084E18E}.Debug|Any CPU.ActiveCfg = Debug|Any CPU
		{2671D7C1-A881-44F7-9462-F14AA084E18E}.Debug|Any CPU.Build.0 = Debug|Any CPU
		{2671D7C1-A881-44F7-9462-F14AA084E18E}.Release|Any CPU.ActiveCfg = Release|Any CPU
		{2671D7C1-A881-44F7-9462-F14AA084E18E}.Release|Any CPU.Build.0 = Release|Any CPU
	EndGlobalSection
	GlobalSection(SolutionProperties) = preSolution
		HideSolutionNode = FALSE
	EndGlobalSection
	GlobalSection(ExtensibilityGlobals) = postSolution
		SolutionGuid = {7C911787-970D-4CC1-B563-73057AF43A76}
	EndGlobalSection
EndGlobal
