
Microsoft Visual Studio Solution File, Format Version 12.00
# Visual Studio 15
VisualStudioVersion = 15.0.28307.539
MinimumVisualStudioVersion = 10.0.40219.1
Project("{9A19103F-16F7-4668-BE54-9A1E7A4F7556}") = "Series", "Series.csproj", "{C7E64D72-26BE-49D4-A423-6BF72946075A}"
EndProject
Global
	GlobalSection(SolutionConfigurationPlatforms) = preSolution
		Debug|Any CPU = Debug|Any CPU
		Release|Any CPU = Release|Any CPU
	EndGlobalSection
	GlobalSection(ProjectConfigurationPlatforms) = postSolution
		{C7E64D72-26BE-49D4-A423-6BF72946075A}.Debug|Any CPU.ActiveCfg = Debug|Any CPU
		{C7E64D72-26BE-49D4-A423-6BF72946075A}.Debug|Any CPU.Build.0 = Debug|Any CPU
		{C7E64D72-26BE-49D4-A423-6BF72946075A}.Release|Any CPU.ActiveCfg = Release|Any CPU
		{C7E64D72-26BE-49D4-A423-6BF72946075A}.Release|Any CPU.Build.0 = Release|Any CPU
	EndGlobalSection
	GlobalSection(SolutionProperties) = preSolution
		HideSolutionNode = FALSE
	EndGlobalSection
	GlobalSection(ExtensibilityGlobals) = postSolution
		SolutionGuid = {C6E5D589-1202-40BD-BA9E-43E48FC06B5A}
	EndGlobalSection
EndGlobal
