
Microsoft Visual Studio Solution File, Format Version 12.00
# Visual Studio 15
VisualStudioVersion = 15.0.28307.438
MinimumVisualStudioVersion = 10.0.40219.1
Project("{9A19103F-16F7-4668-BE54-9A1E7A4F7556}") = "Hamming", "Hamming.csproj", "{29A59D4F-A3D3-45AE-B811-F8D1BF339321}"
EndProject
Global
	GlobalSection(SolutionConfigurationPlatforms) = preSolution
		Debug|Any CPU = Debug|Any CPU
		Release|Any CPU = Release|Any CPU
	EndGlobalSection
	GlobalSection(ProjectConfigurationPlatforms) = postSolution
		{29A59D4F-A3D3-45AE-B811-F8D1BF339321}.Debug|Any CPU.ActiveCfg = Debug|Any CPU
		{29A59D4F-A3D3-45AE-B811-F8D1BF339321}.Debug|Any CPU.Build.0 = Debug|Any CPU
		{29A59D4F-A3D3-45AE-B811-F8D1BF339321}.Release|Any CPU.ActiveCfg = Release|Any CPU
		{29A59D4F-A3D3-45AE-B811-F8D1BF339321}.Release|Any CPU.Build.0 = Release|Any CPU
	EndGlobalSection
	GlobalSection(SolutionProperties) = preSolution
		HideSolutionNode = FALSE
	EndGlobalSection
	GlobalSection(ExtensibilityGlobals) = postSolution
		SolutionGuid = {F3FCB397-2E36-481A-A434-8891811E669E}
	EndGlobalSection
EndGlobal
