
Microsoft Visual Studio Solution File, Format Version 12.00
# Visual Studio 15
VisualStudioVersion = 15.0.28307.489
MinimumVisualStudioVersion = 10.0.40219.1
Project("{9A19103F-16F7-4668-BE54-9A1E7A4F7556}") = "RobotName", "RobotName.csproj", "{2C9B008F-C659-440E-A665-B00BE13427B3}"
EndProject
Global
	GlobalSection(SolutionConfigurationPlatforms) = preSolution
		Debug|Any CPU = Debug|Any CPU
		Release|Any CPU = Release|Any CPU
	EndGlobalSection
	GlobalSection(ProjectConfigurationPlatforms) = postSolution
		{2C9B008F-C659-440E-A665-B00BE13427B3}.Debug|Any CPU.ActiveCfg = Debug|Any CPU
		{2C9B008F-C659-440E-A665-B00BE13427B3}.Debug|Any CPU.Build.0 = Debug|Any CPU
		{2C9B008F-C659-440E-A665-B00BE13427B3}.Release|Any CPU.ActiveCfg = Release|Any CPU
		{2C9B008F-C659-440E-A665-B00BE13427B3}.Release|Any CPU.Build.0 = Release|Any CPU
	EndGlobalSection
	GlobalSection(SolutionProperties) = preSolution
		HideSolutionNode = FALSE
	EndGlobalSection
	GlobalSection(ExtensibilityGlobals) = postSolution
		SolutionGuid = {BCD5E64E-124A-4F9D-A9C5-F27E1552E88B}
	EndGlobalSection
EndGlobal
