
Microsoft Visual Studio Solution File, Format Version 12.00
# Visual Studio 15
VisualStudioVersion = 15.0.28307.438
MinimumVisualStudioVersion = 10.0.40219.1
Project("{9A19103F-16F7-4668-BE54-9A1E7A4F7556}") = "DifferenceOfSquares", "DifferenceOfSquares.csproj", "{F3BC8212-B881-4E26-BD12-CC96940A212B}"
EndProject
Global
	GlobalSection(SolutionConfigurationPlatforms) = preSolution
		Debug|Any CPU = Debug|Any CPU
		Release|Any CPU = Release|Any CPU
	EndGlobalSection
	GlobalSection(ProjectConfigurationPlatforms) = postSolution
		{F3BC8212-B881-4E26-BD12-CC96940A212B}.Debug|Any CPU.ActiveCfg = Debug|Any CPU
		{F3BC8212-B881-4E26-BD12-CC96940A212B}.Debug|Any CPU.Build.0 = Debug|Any CPU
		{F3BC8212-B881-4E26-BD12-CC96940A212B}.Release|Any CPU.ActiveCfg = Release|Any CPU
		{F3BC8212-B881-4E26-BD12-CC96940A212B}.Release|Any CPU.Build.0 = Release|Any CPU
	EndGlobalSection
	GlobalSection(SolutionProperties) = preSolution
		HideSolutionNode = FALSE
	EndGlobalSection
	GlobalSection(ExtensibilityGlobals) = postSolution
		SolutionGuid = {E967A5B2-94CD-4EFC-A41A-1DE946F4237A}
	EndGlobalSection
EndGlobal
