
Microsoft Visual Studio Solution File, Format Version 12.00
# Visual Studio 15
VisualStudioVersion = 15.0.28307.438
MinimumVisualStudioVersion = 10.0.40219.1
Project("{9A19103F-16F7-4668-BE54-9A1E7A4F7556}") = "ScrabbleScore", "ScrabbleScore.csproj", "{C0446A66-ADCC-48D0-A8E9-6CBCAC5EC9CE}"
EndProject
Global
	GlobalSection(SolutionConfigurationPlatforms) = preSolution
		Debug|Any CPU = Debug|Any CPU
		Release|Any CPU = Release|Any CPU
	EndGlobalSection
	GlobalSection(ProjectConfigurationPlatforms) = postSolution
		{C0446A66-ADCC-48D0-A8E9-6CBCAC5EC9CE}.Debug|Any CPU.ActiveCfg = Debug|Any CPU
		{C0446A66-ADCC-48D0-A8E9-6CBCAC5EC9CE}.Debug|Any CPU.Build.0 = Debug|Any CPU
		{C0446A66-ADCC-48D0-A8E9-6CBCAC5EC9CE}.Release|Any CPU.ActiveCfg = Release|Any CPU
		{C0446A66-ADCC-48D0-A8E9-6CBCAC5EC9CE}.Release|Any CPU.Build.0 = Release|Any CPU
	EndGlobalSection
	GlobalSection(SolutionProperties) = preSolution
		HideSolutionNode = FALSE
	EndGlobalSection
	GlobalSection(ExtensibilityGlobals) = postSolution
		SolutionGuid = {2E28BA8C-7F50-4B88-80F0-0DE3321AA928}
	EndGlobalSection
EndGlobal
